
Microsoft Visual Studio Solution File, Format Version 12.00
# Visual Studio Version 16
VisualStudioVersion = 16.0.30406.217
MinimumVisualStudioVersion = 10.0.40219.1
Project("{9A19103F-16F7-4668-BE54-9A1E7A4F7556}") = "SPA1.Server", "SPA1\Server\SPA1.Server.csproj", "{8EF1107F-71DD-4A9B-A4FB-931B9F87BD10}"
EndProject
Project("{9A19103F-16F7-4668-BE54-9A1E7A4F7556}") = "SPA1.Client", "SPA1\Client\SPA1.Client.csproj", "{17C658B8-133D-4311-B1DF-9524AFBF33B5}"
EndProject
Project("{9A19103F-16F7-4668-BE54-9A1E7A4F7556}") = "SPA1.Shared", "SPA1\Shared\SPA1.Shared.csproj", "{8623E4A5-3EEA-4812-BEDE-CE991ECAB662}"
EndProject
Global
	GlobalSection(SolutionConfigurationPlatforms) = preSolution
		Debug|Any CPU = Debug|Any CPU
		Release|Any CPU = Release|Any CPU
	EndGlobalSection
	GlobalSection(ProjectConfigurationPlatforms) = postSolution
		{8EF1107F-71DD-4A9B-A4FB-931B9F87BD10}.Debug|Any CPU.ActiveCfg = Debug|Any CPU
		{8EF1107F-71DD-4A9B-A4FB-931B9F87BD10}.Debug|Any CPU.Build.0 = Debug|Any CPU
		{8EF1107F-71DD-4A9B-A4FB-931B9F87BD10}.Release|Any CPU.ActiveCfg = Release|Any CPU
		{8EF1107F-71DD-4A9B-A4FB-931B9F87BD10}.Release|Any CPU.Build.0 = Release|Any CPU
		{17C658B8-133D-4311-B1DF-9524AFBF33B5}.Debug|Any CPU.ActiveCfg = Debug|Any CPU
		{17C658B8-133D-4311-B1DF-9524AFBF33B5}.Debug|Any CPU.Build.0 = Debug|Any CPU
		{17C658B8-133D-4311-B1DF-9524AFBF33B5}.Release|Any CPU.ActiveCfg = Release|Any CPU
		{17C658B8-133D-4311-B1DF-9524AFBF33B5}.Release|Any CPU.Build.0 = Release|Any CPU
		{8623E4A5-3EEA-4812-BEDE-CE991ECAB662}.Debug|Any CPU.ActiveCfg = Debug|Any CPU
		{8623E4A5-3EEA-4812-BEDE-CE991ECAB662}.Debug|Any CPU.Build.0 = Debug|Any CPU
		{8623E4A5-3EEA-4812-BEDE-CE991ECAB662}.Release|Any CPU.ActiveCfg = Release|Any CPU
		{8623E4A5-3EEA-4812-BEDE-CE991ECAB662}.Release|Any CPU.Build.0 = Release|Any CPU
	EndGlobalSection
	GlobalSection(SolutionProperties) = preSolution
		HideSolutionNode = FALSE
	EndGlobalSection
	GlobalSection(ExtensibilityGlobals) = postSolution
		SolutionGuid = {DA9ED983-B245-4CB0-9EFA-37491BF6747F}
	EndGlobalSection
EndGlobal
